// !$*UTF8*$!
{
	archiveVersion = 1;
	classes = {
	};
	objectVersion = 42;
	objects = {

/* Begin PBXBuildFile section */
		53594D0A0C6019B80077B860 /* MainWindow.nib in Resources */ = {isa = PBXBuildFile; fileRef = 53594D080C6019B80077B860 /* MainWindow.nib */; };
		53CC47720ABB251700F70973 /* MyWindowController.m in Sources */ = {isa = PBXBuildFile; fileRef = 53CC47700ABB251700F70973 /* MyWindowController.m */; };
		53D992610C67ABC80003BDC5 /* ChildEditController.m in Sources */ = {isa = PBXBuildFile; fileRef = 53D9925F0C67ABC80003BDC5 /* ChildEditController.m */; };
		53D992670C67AC4F0003BDC5 /* ChildEdit.nib in Resources */ = {isa = PBXBuildFile; fileRef = 53D992650C67AC4F0003BDC5 /* ChildEdit.nib */; };
		53DB3CD00AD6F948003EECBD /* AppDelegate.m in Sources */ = {isa = PBXBuildFile; fileRef = 53DB3CCF0AD6F948003EECBD /* AppDelegate.m */; };
		53F69A080C60F947003CB736 /* WebKit.framework in Frameworks */ = {isa = PBXBuildFile; fileRef = 53F69A070C60F947003CB736 /* WebKit.framework */; };
		64073F8F0D035D9B000D5F0B /* Error.m in Sources */ = {isa = PBXBuildFile; fileRef = 64073F8E0D035D9B000D5F0B /* Error.m */; };
		64073FC00D035FCE000D5F0B /* ExceptionHandling.framework in Frameworks */ = {isa = PBXBuildFile; fileRef = 64073FBF0D035FCE000D5F0B /* ExceptionHandling.framework */; };
		64285E4B0D3707CC00BFDF08 /* add.tiff in Resources */ = {isa = PBXBuildFile; fileRef = 64285E450D3707CC00BFDF08 /* add.tiff */; };
		64285E4D0D3707CC00BFDF08 /* document_edit.tiff in Resources */ = {isa = PBXBuildFile; fileRef = 64285E470D3707CC00BFDF08 /* document_edit.tiff */; };
		64285E4E0D3707CC00BFDF08 /* document_info.tiff in Resources */ = {isa = PBXBuildFile; fileRef = 64285E480D3707CC00BFDF08 /* document_info.tiff */; };
		64285E4F0D3707CC00BFDF08 /* flag_red_large.tiff in Resources */ = {isa = PBXBuildFile; fileRef = 64285E490D3707CC00BFDF08 /* flag_red_large.tiff */; };
		64285E500D3707CC00BFDF08 /* scroll_ok.tiff in Resources */ = {isa = PBXBuildFile; fileRef = 64285E4A0D3707CC00BFDF08 /* scroll_ok.tiff */; };
		64285E520D37096A00BFDF08 /* delete.tiff in Resources */ = {isa = PBXBuildFile; fileRef = 64285E510D37096A00BFDF08 /* delete.tiff */; };
		644AA23E0D20B00100B4C0E5 /* ImageToBoolTransformer.m in Sources */ = {isa = PBXBuildFile; fileRef = 644AA23D0D20B00100B4C0E5 /* ImageToBoolTransformer.m */; };
		644C924E0D02313A00E4D2E7 /* EnclosureTemplate.html in Resources */ = {isa = PBXBuildFile; fileRef = 644C92480D02313A00E4D2E7 /* EnclosureTemplate.html */; };
		644C924F0D02313A00E4D2E7 /* EntryTemplate.html in Resources */ = {isa = PBXBuildFile; fileRef = 644C924A0D02313A00E4D2E7 /* EntryTemplate.html */; };
		644C92500D02313A00E4D2E7 /* EntryTemplate_NoLink.html in Resources */ = {isa = PBXBuildFile; fileRef = 644C924C0D02313A00E4D2E7 /* EntryTemplate_NoLink.html */; };
		647013530D0076EB0003B7F8 /* document_attachment.tiff in Resources */ = {isa = PBXBuildFile; fileRef = 6470134F0D0076EB0003B7F8 /* document_attachment.tiff */; };
		647013540D0076EB0003B7F8 /* feed-icon.tiff in Resources */ = {isa = PBXBuildFile; fileRef = 647013500D0076EB0003B7F8 /* feed-icon.tiff */; };
		647013550D0076EB0003B7F8 /* flag_red.tiff in Resources */ = {isa = PBXBuildFile; fileRef = 647013510D0076EB0003B7F8 /* flag_red.tiff */; };
		647013560D0076EB0003B7F8 /* read.tiff in Resources */ = {isa = PBXBuildFile; fileRef = 647013520D0076EB0003B7F8 /* read.tiff */; };
		647014860D00BD4E0003B7F8 /* nuts.tiff in Resources */ = {isa = PBXBuildFile; fileRef = 647014850D00BD4E0003B7F8 /* nuts.tiff */; };
		647E0D580CFE540B006276CC /* Entry.m in Sources */ = {isa = PBXBuildFile; fileRef = 647E0D550CFE540B006276CC /* Entry.m */; };
		647E0D590CFE540B006276CC /* Feed.m in Sources */ = {isa = PBXBuildFile; fileRef = 647E0D570CFE540B006276CC /* Feed.m */; };
		647E0D5E0CFE544A006276CC /* app.icns in Resources */ = {isa = PBXBuildFile; fileRef = 647E0D5A0CFE544A006276CC /* app.icns */; };
		647E0D5F0CFE544A006276CC /* attachment_header.tiff in Resources */ = {isa = PBXBuildFile; fileRef = 647E0D5B0CFE544A006276CC /* attachment_header.tiff */; };
		647E0D600CFE544A006276CC /* flagged_header.tiff in Resources */ = {isa = PBXBuildFile; fileRef = 647E0D5C0CFE544A006276CC /* flagged_header.tiff */; };
		647E0D610CFE544A006276CC /* unread_header.tiff in Resources */ = {isa = PBXBuildFile; fileRef = 647E0D5D0CFE544A006276CC /* unread_header.tiff */; };
		647E0DC30CFE59EE006276CC /* PubSub.framework in Frameworks */ = {isa = PBXBuildFile; fileRef = 647E0DC20CFE59EE006276CC /* PubSub.framework */; };
		64AC3E470D231135003117A6 /* CTBadge.m in Sources */ = {isa = PBXBuildFile; fileRef = 64AC3E460D231135003117A6 /* CTBadge.m */; };
		64AC3E4D0D231141003117A6 /* CTBadge_1.pdf in Resources */ = {isa = PBXBuildFile; fileRef = 64AC3E490D231141003117A6 /* CTBadge_1.pdf */; };
		64AC3E4E0D231141003117A6 /* CTBadge_3.pdf in Resources */ = {isa = PBXBuildFile; fileRef = 64AC3E4A0D231141003117A6 /* CTBadge_3.pdf */; };
		64AC3E4F0D231141003117A6 /* CTBadge_4.pdf in Resources */ = {isa = PBXBuildFile; fileRef = 64AC3E4B0D231141003117A6 /* CTBadge_4.pdf */; };
		64AC3E500D231141003117A6 /* CTBadge_5.pdf in Resources */ = {isa = PBXBuildFile; fileRef = 64AC3E4C0D231141003117A6 /* CTBadge_5.pdf */; };
		64AC3E540D231172003117A6 /* CTGradient.m in Sources */ = {isa = PBXBuildFile; fileRef = 64AC3E530D231172003117A6 /* CTGradient.m */; };
		8D11072A0486CEB800E47090 /* MainMenu.nib in Resources */ = {isa = PBXBuildFile; fileRef = 29B97318FDCFA39411CA2CEA /* MainMenu.nib */; };
		8D11072B0486CEB800E47090 /* InfoPlist.strings in Resources */ = {isa = PBXBuildFile; fileRef = 089C165CFE840E0CC02AAC07 /* InfoPlist.strings */; };
		8D11072D0486CEB800E47090 /* main.m in Sources */ = {isa = PBXBuildFile; fileRef = 29B97316FDCFA39411CA2CEA /* main.m */; settings = {ATTRIBUTES = (); }; };
		8D11072F0486CEB800E47090 /* Cocoa.framework in Frameworks */ = {isa = PBXBuildFile; fileRef = 1058C7A1FEA54F0111CA2CBB /* Cocoa.framework */; };
/* End PBXBuildFile section */

/* Begin PBXFileReference section */
		089C165DFE840E0CC02AAC07 /* English */ = {isa = PBXFileReference; fileEncoding = 10; lastKnownFileType = text.plist.strings; name = English; path = English.lproj/InfoPlist.strings; sourceTree = "<group>"; };
		1058C7A1FEA54F0111CA2CBB /* Cocoa.framework */ = {isa = PBXFileReference; lastKnownFileType = wrapper.framework; name = Cocoa.framework; path = /System/Library/Frameworks/Cocoa.framework; sourceTree = "<absolute>"; };
		29B97316FDCFA39411CA2CEA /* main.m */ = {isa = PBXFileReference; fileEncoding = 4; lastKnownFileType = sourcecode.c.objc; path = main.m; sourceTree = "<group>"; };
		29B97319FDCFA39411CA2CEA /* English */ = {isa = PBXFileReference; lastKnownFileType = wrapper.nib; name = English; path = English.lproj/MainMenu.nib; sourceTree = "<group>"; };
		29B97324FDCFA39411CA2CEA /* AppKit.framework */ = {isa = PBXFileReference; lastKnownFileType = wrapper.framework; name = AppKit.framework; path = /System/Library/Frameworks/AppKit.framework; sourceTree = "<absolute>"; };
		29B97325FDCFA39411CA2CEA /* Foundation.framework */ = {isa = PBXFileReference; lastKnownFileType = wrapper.framework; name = Foundation.framework; path = /System/Library/Frameworks/Foundation.framework; sourceTree = "<absolute>"; };
		53594D090C6019B80077B860 /* English */ = {isa = PBXFileReference; lastKnownFileType = wrapper.nib; name = English; path = English.lproj/MainWindow.nib; sourceTree = "<group>"; };
		53CC47700ABB251700F70973 /* MyWindowController.m */ = {isa = PBXFileReference; fileEncoding = 30; lastKnownFileType = sourcecode.c.objc; path = MyWindowController.m; sourceTree = "<group>"; };
		53CC47710ABB251700F70973 /* MyWindowController.h */ = {isa = PBXFileReference; fileEncoding = 30; lastKnownFileType = sourcecode.c.h; path = MyWindowController.h; sourceTree = "<group>"; };
		53D9925F0C67ABC80003BDC5 /* ChildEditController.m */ = {isa = PBXFileReference; fileEncoding = 4; lastKnownFileType = sourcecode.c.objc; path = ChildEditController.m; sourceTree = "<group>"; };
		53D992600C67ABC80003BDC5 /* ChildEditController.h */ = {isa = PBXFileReference; fileEncoding = 4; lastKnownFileType = sourcecode.c.h; path = ChildEditController.h; sourceTree = "<group>"; };
		53D992660C67AC4F0003BDC5 /* English */ = {isa = PBXFileReference; lastKnownFileType = wrapper.nib; name = English; path = English.lproj/ChildEdit.nib; sourceTree = "<group>"; };
		53DB3CCE0AD6F948003EECBD /* AppDelegate.h */ = {isa = PBXFileReference; fileEncoding = 30; lastKnownFileType = sourcecode.c.h; path = AppDelegate.h; sourceTree = "<group>"; };
		53DB3CCF0AD6F948003EECBD /* AppDelegate.m */ = {isa = PBXFileReference; fileEncoding = 30; lastKnownFileType = sourcecode.c.objc; path = AppDelegate.m; sourceTree = "<group>"; };
		53E5B1B10B6021EF0087DD13 /* Prefix.pch */ = {isa = PBXFileReference; fileEncoding = 30; lastKnownFileType = sourcecode.c.h; path = Prefix.pch; sourceTree = "<group>"; };
		53F69A070C60F947003CB736 /* WebKit.framework */ = {isa = PBXFileReference; lastKnownFileType = wrapper.framework; name = WebKit.framework; path = /System/Library/Frameworks/WebKit.framework; sourceTree = "<absolute>"; };
		64073F8D0D035D9B000D5F0B /* Error.h */ = {isa = PBXFileReference; fileEncoding = 4; lastKnownFileType = sourcecode.c.h; path = Error.h; sourceTree = "<group>"; };
		64073F8E0D035D9B000D5F0B /* Error.m */ = {isa = PBXFileReference; fileEncoding = 4; lastKnownFileType = sourcecode.c.objc; path = Error.m; sourceTree = "<group>"; };
		64073FBF0D035FCE000D5F0B /* ExceptionHandling.framework */ = {isa = PBXFileReference; lastKnownFileType = wrapper.framework; name = ExceptionHandling.framework; path = /System/Library/Frameworks/ExceptionHandling.framework; sourceTree = "<absolute>"; };
		64285E450D3707CC00BFDF08 /* add.tiff */ = {isa = PBXFileReference; lastKnownFileType = image.tiff; path = add.tiff; sourceTree = "<group>"; };
		64285E470D3707CC00BFDF08 /* document_edit.tiff */ = {isa = PBXFileReference; lastKnownFileType = image.tiff; path = document_edit.tiff; sourceTree = "<group>"; };
		64285E480D3707CC00BFDF08 /* document_info.tiff */ = {isa = PBXFileReference; lastKnownFileType = image.tiff; path = document_info.tiff; sourceTree = "<group>"; };
		64285E490D3707CC00BFDF08 /* flag_red_large.tiff */ = {isa = PBXFileReference; lastKnownFileType = image.tiff; path = flag_red_large.tiff; sourceTree = "<group>"; };
		64285E4A0D3707CC00BFDF08 /* scroll_ok.tiff */ = {isa = PBXFileReference; lastKnownFileType = image.tiff; path = scroll_ok.tiff; sourceTree = "<group>"; };
		64285E510D37096A00BFDF08 /* delete.tiff */ = {isa = PBXFileReference; lastKnownFileType = image.tiff; path = delete.tiff; sourceTree = "<group>"; };
		644AA23C0D20B00100B4C0E5 /* ImageToBoolTransformer.h */ = {isa = PBXFileReference; fileEncoding = 4; lastKnownFileType = sourcecode.c.h; path = ImageToBoolTransformer.h; sourceTree = "<group>"; };
		644AA23D0D20B00100B4C0E5 /* ImageToBoolTransformer.m */ = {isa = PBXFileReference; fileEncoding = 4; lastKnownFileType = sourcecode.c.objc; path = ImageToBoolTransformer.m; sourceTree = "<group>"; };
		644C92490D02313A00E4D2E7 /* English */ = {isa = PBXFileReference; fileEncoding = 4; lastKnownFileType = text.html; name = English; path = English.lproj/EnclosureTemplate.html; sourceTree = "<group>"; };
		644C924B0D02313A00E4D2E7 /* English */ = {isa = PBXFileReference; fileEncoding = 4; lastKnownFileType = text.html; name = English; path = English.lproj/EntryTemplate.html; sourceTree = "<group>"; };
		644C924D0D02313A00E4D2E7 /* English */ = {isa = PBXFileReference; fileEncoding = 4; lastKnownFileType = text.html; name = English; path = English.lproj/EntryTemplate_NoLink.html; sourceTree = "<group>"; };
		6470134F0D0076EB0003B7F8 /* document_attachment.tiff */ = {isa = PBXFileReference; lastKnownFileType = image.tiff; path = document_attachment.tiff; sourceTree = "<group>"; };
		647013500D0076EB0003B7F8 /* feed-icon.tiff */ = {isa = PBXFileReference; lastKnownFileType = image.tiff; path = "feed-icon.tiff"; sourceTree = "<group>"; };
		647013510D0076EB0003B7F8 /* flag_red.tiff */ = {isa = PBXFileReference; lastKnownFileType = image.tiff; path = flag_red.tiff; sourceTree = "<group>"; };
		647013520D0076EB0003B7F8 /* read.tiff */ = {isa = PBXFileReference; lastKnownFileType = image.tiff; path = read.tiff; sourceTree = "<group>"; };
		647014850D00BD4E0003B7F8 /* nuts.tiff */ = {isa = PBXFileReference; lastKnownFileType = image.tiff; path = nuts.tiff; sourceTree = "<group>"; };
		647E0D540CFE540B006276CC /* Entry.h */ = {isa = PBXFileReference; fileEncoding = 4; lastKnownFileType = sourcecode.c.h; path = Entry.h; sourceTree = "<group>"; };
		647E0D550CFE540B006276CC /* Entry.m */ = {isa = PBXFileReference; fileEncoding = 4; lastKnownFileType = sourcecode.c.objc; path = Entry.m; sourceTree = "<group>"; };
		647E0D560CFE540B006276CC /* Feed.h */ = {isa = PBXFileReference; fileEncoding = 4; lastKnownFileType = sourcecode.c.h; path = Feed.h; sourceTree = "<group>"; };
		647E0D570CFE540B006276CC /* Feed.m */ = {isa = PBXFileReference; fileEncoding = 4; lastKnownFileType = sourcecode.c.objc; path = Feed.m; sourceTree = "<group>"; };
		647E0D5A0CFE544A006276CC /* app.icns */ = {isa = PBXFileReference; lastKnownFileType = image.icns; path = app.icns; sourceTree = "<group>"; };
		647E0D5B0CFE544A006276CC /* attachment_header.tiff */ = {isa = PBXFileReference; lastKnownFileType = image.tiff; path = attachment_header.tiff; sourceTree = "<group>"; };
		647E0D5C0CFE544A006276CC /* flagged_header.tiff */ = {isa = PBXFileReference; lastKnownFileType = image.tiff; path = flagged_header.tiff; sourceTree = "<group>"; };
		647E0D5D0CFE544A006276CC /* unread_header.tiff */ = {isa = PBXFileReference; lastKnownFileType = image.tiff; path = unread_header.tiff; sourceTree = "<group>"; };
		647E0DC20CFE59EE006276CC /* PubSub.framework */ = {isa = PBXFileReference; lastKnownFileType = wrapper.framework; name = PubSub.framework; path = /System/Library/Frameworks/PubSub.framework; sourceTree = "<absolute>"; };
		64AC3E450D231135003117A6 /* CTBadge.h */ = {isa = PBXFileReference; fileEncoding = 4; lastKnownFileType = sourcecode.c.h; path = CTBadge.h; sourceTree = "<group>"; };
		64AC3E460D231135003117A6 /* CTBadge.m */ = {isa = PBXFileReference; fileEncoding = 4; lastKnownFileType = sourcecode.c.objc; path = CTBadge.m; sourceTree = "<group>"; };
		64AC3E490D231141003117A6 /* CTBadge_1.pdf */ = {isa = PBXFileReference; lastKnownFileType = image.pdf; path = CTBadge_1.pdf; sourceTree = "<group>"; };
		64AC3E4A0D231141003117A6 /* CTBadge_3.pdf */ = {isa = PBXFileReference; lastKnownFileType = image.pdf; path = CTBadge_3.pdf; sourceTree = "<group>"; };
		64AC3E4B0D231141003117A6 /* CTBadge_4.pdf */ = {isa = PBXFileReference; lastKnownFileType = image.pdf; path = CTBadge_4.pdf; sourceTree = "<group>"; };
		64AC3E4C0D231141003117A6 /* CTBadge_5.pdf */ = {isa = PBXFileReference; lastKnownFileType = image.pdf; path = CTBadge_5.pdf; sourceTree = "<group>"; };
		64AC3E520D231172003117A6 /* CTGradient.h */ = {isa = PBXFileReference; fileEncoding = 4; lastKnownFileType = sourcecode.c.h; path = CTGradient.h; sourceTree = "<group>"; };
		64AC3E530D231172003117A6 /* CTGradient.m */ = {isa = PBXFileReference; fileEncoding = 4; lastKnownFileType = sourcecode.c.objc; path = CTGradient.m; sourceTree = "<group>"; };
		8D1107310486CEB800E47090 /* Info.plist */ = {isa = PBXFileReference; fileEncoding = 4; lastKnownFileType = text.plist; path = Info.plist; sourceTree = "<group>"; };
		8D1107320486CEB800E47090 /* Feednuts Reader.app */ = {isa = PBXFileReference; explicitFileType = wrapper.application; includeInIndex = 0; path = "Feednuts Reader.app"; sourceTree = BUILT_PRODUCTS_DIR; };
/* End PBXFileReference section */

/* Begin PBXFrameworksBuildPhase section */
		8D11072E0486CEB800E47090 /* Frameworks */ = {
			isa = PBXFrameworksBuildPhase;
			buildActionMask = 2147483647;
			files = (
				8D11072F0486CEB800E47090 /* Cocoa.framework in Frameworks */,
				53F69A080C60F947003CB736 /* WebKit.framework in Frameworks */,
				647E0DC30CFE59EE006276CC /* PubSub.framework in Frameworks */,
				64073FC00D035FCE000D5F0B /* ExceptionHandling.framework in Frameworks */,
			);
			runOnlyForDeploymentPostprocessing = 0;
		};
/* End PBXFrameworksBuildPhase section */

/* Begin PBXGroup section */
		1058C7A0FEA54F0111CA2CBB /* Linked Frameworks */ = {
			isa = PBXGroup;
			children = (
				1058C7A1FEA54F0111CA2CBB /* Cocoa.framework */,
			);
			name = "Linked Frameworks";
			sourceTree = "<group>";
		};
		1058C7A2FEA54F0111CA2CBB /* Other Frameworks */ = {
			isa = PBXGroup;
			children = (
				64073FBF0D035FCE000D5F0B /* ExceptionHandling.framework */,
				647E0DC20CFE59EE006276CC /* PubSub.framework */,
				53F69A070C60F947003CB736 /* WebKit.framework */,
				29B97324FDCFA39411CA2CEA /* AppKit.framework */,
				29B97325FDCFA39411CA2CEA /* Foundation.framework */,
			);
			name = "Other Frameworks";
			sourceTree = "<group>";
		};
		19C28FACFE9D520D11CA2CBB /* Products */ = {
			isa = PBXGroup;
			children = (
				8D1107320486CEB800E47090 /* Feednuts Reader.app */,
			);
			name = Products;
			sourceTree = "<group>";
		};
		29B97314FDCFA39411CA2CEA /* TrackIt */ = {
			isa = PBXGroup;
			children = (
				29B97315FDCFA39411CA2CEA /* Sources */,
				29B97317FDCFA39411CA2CEA /* Resources */,
				29B97323FDCFA39411CA2CEA /* Frameworks */,
				19C28FACFE9D520D11CA2CBB /* Products */,
			);
			name = TrackIt;
			sourceTree = "<group>";
		};
		29B97315FDCFA39411CA2CEA /* Sources */ = {
			isa = PBXGroup;
			children = (
				64AC3E520D231172003117A6 /* CTGradient.h */,
				64AC3E530D231172003117A6 /* CTGradient.m */,
				64AC3E450D231135003117A6 /* CTBadge.h */,
				64AC3E460D231135003117A6 /* CTBadge.m */,
				647E0D540CFE540B006276CC /* Entry.h */,
				647E0D550CFE540B006276CC /* Entry.m */,
				647E0D560CFE540B006276CC /* Feed.h */,
				647E0D570CFE540B006276CC /* Feed.m */,
				29B97316FDCFA39411CA2CEA /* main.m */,
				53E5B1B10B6021EF0087DD13 /* Prefix.pch */,
				53DB3CCE0AD6F948003EECBD /* AppDelegate.h */,
				53DB3CCF0AD6F948003EECBD /* AppDelegate.m */,
				53CC47710ABB251700F70973 /* MyWindowController.h */,
				53CC47700ABB251700F70973 /* MyWindowController.m */,
				53D9925F0C67ABC80003BDC5 /* ChildEditController.m */,
				53D992600C67ABC80003BDC5 /* ChildEditController.h */,
				64073F8D0D035D9B000D5F0B /* Error.h */,
				64073F8E0D035D9B000D5F0B /* Error.m */,
				644AA23C0D20B00100B4C0E5 /* ImageToBoolTransformer.h */,
				644AA23D0D20B00100B4C0E5 /* ImageToBoolTransformer.m */,
			);
			name = Sources;
			sourceTree = "<group>";
		};
		29B97317FDCFA39411CA2CEA /* Resources */ = {
			isa = PBXGroup;
			children = (
				64285E510D37096A00BFDF08 /* delete.tiff */,
				64285E450D3707CC00BFDF08 /* add.tiff */,
				64285E470D3707CC00BFDF08 /* document_edit.tiff */,
				64285E480D3707CC00BFDF08 /* document_info.tiff */,
				64285E490D3707CC00BFDF08 /* flag_red_large.tiff */,
				64285E4A0D3707CC00BFDF08 /* scroll_ok.tiff */,
				64AC3E480D231141003117A6 /* badges */,
				644C92480D02313A00E4D2E7 /* EnclosureTemplate.html */,
				644C924A0D02313A00E4D2E7 /* EntryTemplate.html */,
				644C924C0D02313A00E4D2E7 /* EntryTemplate_NoLink.html */,
				647014850D00BD4E0003B7F8 /* nuts.tiff */,
				6470134F0D0076EB0003B7F8 /* document_attachment.tiff */,
				647013500D0076EB0003B7F8 /* feed-icon.tiff */,
				647013510D0076EB0003B7F8 /* flag_red.tiff */,
				647013520D0076EB0003B7F8 /* read.tiff */,
				647E0D5A0CFE544A006276CC /* app.icns */,
				647E0D5B0CFE544A006276CC /* attachment_header.tiff */,
				647E0D5C0CFE544A006276CC /* flagged_header.tiff */,
				647E0D5D0CFE544A006276CC /* unread_header.tiff */,
				8D1107310486CEB800E47090 /* Info.plist */,
				089C165CFE840E0CC02AAC07 /* InfoPlist.strings */,
				29B97318FDCFA39411CA2CEA /* MainMenu.nib */,
				53594D080C6019B80077B860 /* MainWindow.nib */,
				53D992650C67AC4F0003BDC5 /* ChildEdit.nib */,
			);
			name = Resources;
			sourceTree = "<group>";
		};
		29B97323FDCFA39411CA2CEA /* Frameworks */ = {
			isa = PBXGroup;
			children = (
				1058C7A0FEA54F0111CA2CBB /* Linked Frameworks */,
				1058C7A2FEA54F0111CA2CBB /* Other Frameworks */,
			);
			name = Frameworks;
			sourceTree = "<group>";
		};
		64AC3E480D231141003117A6 /* badges */ = {
			isa = PBXGroup;
			children = (
				64AC3E490D231141003117A6 /* CTBadge_1.pdf */,
				64AC3E4A0D231141003117A6 /* CTBadge_3.pdf */,
				64AC3E4B0D231141003117A6 /* CTBadge_4.pdf */,
				64AC3E4C0D231141003117A6 /* CTBadge_5.pdf */,
			);
			path = badges;
			sourceTree = "<group>";
		};
/* End PBXGroup section */

/* Begin PBXNativeTarget section */
		8D1107260486CEB800E47090 /* Feednuts Reader */ = {
			isa = PBXNativeTarget;
			buildConfigurationList = C01FCF4A08A954540054247B /* Build configuration list for PBXNativeTarget "Feednuts Reader" */;
			buildPhases = (
				8D1107290486CEB800E47090 /* Resources */,
				8D11072C0486CEB800E47090 /* Sources */,
				8D11072E0486CEB800E47090 /* Frameworks */,
			);
			buildRules = (
			);
			dependencies = (
			);
			name = "Feednuts Reader";
			productInstallPath = "$(HOME)/Applications";
			productName = TrackIt;
			productReference = 8D1107320486CEB800E47090 /* Feednuts Reader.app */;
			productType = "com.apple.product-type.application";
		};
/* End PBXNativeTarget section */

/* Begin PBXProject section */
		29B97313FDCFA39411CA2CEA /* Project object */ = {
			isa = PBXProject;
			buildConfigurationList = C01FCF4E08A954540054247B /* Build configuration list for PBXProject "fnReader" */;
			compatibilityVersion = "Xcode 2.4";
			hasScannedForEncodings = 1;
			mainGroup = 29B97314FDCFA39411CA2CEA /* TrackIt */;
			projectDirPath = "";
			projectRoot = "";
			targets = (
				8D1107260486CEB800E47090 /* Feednuts Reader */,
			);
		};
/* End PBXProject section */

/* Begin PBXResourcesBuildPhase section */
		8D1107290486CEB800E47090 /* Resources */ = {
			isa = PBXResourcesBuildPhase;
			buildActionMask = 2147483647;
			files = (
				8D11072A0486CEB800E47090 /* MainMenu.nib in Resources */,
				8D11072B0486CEB800E47090 /* InfoPlist.strings in Resources */,
				53594D0A0C6019B80077B860 /* MainWindow.nib in Resources */,
				53D992670C67AC4F0003BDC5 /* ChildEdit.nib in Resources */,
				647E0D5E0CFE544A006276CC /* app.icns in Resources */,
				647E0D5F0CFE544A006276CC /* attachment_header.tiff in Resources */,
				647E0D600CFE544A006276CC /* flagged_header.tiff in Resources */,
				647E0D610CFE544A006276CC /* unread_header.tiff in Resources */,
				647013530D0076EB0003B7F8 /* document_attachment.tiff in Resources */,
				647013540D0076EB0003B7F8 /* feed-icon.tiff in Resources */,
				647013550D0076EB0003B7F8 /* flag_red.tiff in Resources */,
				647013560D0076EB0003B7F8 /* read.tiff in Resources */,
				647014860D00BD4E0003B7F8 /* nuts.tiff in Resources */,
				644C924E0D02313A00E4D2E7 /* EnclosureTemplate.html in Resources */,
				644C924F0D02313A00E4D2E7 /* EntryTemplate.html in Resources */,
				644C92500D02313A00E4D2E7 /* EntryTemplate_NoLink.html in Resources */,
				64AC3E4D0D231141003117A6 /* CTBadge_1.pdf in Resources */,
				64AC3E4E0D231141003117A6 /* CTBadge_3.pdf in Resources */,
				64AC3E4F0D231141003117A6 /* CTBadge_4.pdf in Resources */,
				64AC3E500D231141003117A6 /* CTBadge_5.pdf in Resources */,
				64285E4B0D3707CC00BFDF08 /* add.tiff in Resources */,
				64285E4D0D3707CC00BFDF08 /* document_edit.tiff in Resources */,
				64285E4E0D3707CC00BFDF08 /* document_info.tiff in Resources */,
				64285E4F0D3707CC00BFDF08 /* flag_red_large.tiff in Resources */,
				64285E500D3707CC00BFDF08 /* scroll_ok.tiff in Resources */,
				64285E520D37096A00BFDF08 /* delete.tiff in Resources */,
			);
			runOnlyForDeploymentPostprocessing = 0;
		};
/* End PBXResourcesBuildPhase section */

/* Begin PBXSourcesBuildPhase section */
		8D11072C0486CEB800E47090 /* Sources */ = {
			isa = PBXSourcesBuildPhase;
			buildActionMask = 2147483647;
			files = (
				8D11072D0486CEB800E47090 /* main.m in Sources */,
				53CC47720ABB251700F70973 /* MyWindowController.m in Sources */,
				53DB3CD00AD6F948003EECBD /* AppDelegate.m in Sources */,
				53D992610C67ABC80003BDC5 /* ChildEditController.m in Sources */,
				647E0D580CFE540B006276CC /* Entry.m in Sources */,
				647E0D590CFE540B006276CC /* Feed.m in Sources */,
				64073F8F0D035D9B000D5F0B /* Error.m in Sources */,
				644AA23E0D20B00100B4C0E5 /* ImageToBoolTransformer.m in Sources */,
				64AC3E470D231135003117A6 /* CTBadge.m in Sources */,
				64AC3E540D231172003117A6 /* CTGradient.m in Sources */,
			);
			runOnlyForDeploymentPostprocessing = 0;
		};
/* End PBXSourcesBuildPhase section */

/* Begin PBXVariantGroup section */
		089C165CFE840E0CC02AAC07 /* InfoPlist.strings */ = {
			isa = PBXVariantGroup;
			children = (
				089C165DFE840E0CC02AAC07 /* English */,
			);
			name = InfoPlist.strings;
			sourceTree = "<group>";
		};
		29B97318FDCFA39411CA2CEA /* MainMenu.nib */ = {
			isa = PBXVariantGroup;
			children = (
				29B97319FDCFA39411CA2CEA /* English */,
			);
			name = MainMenu.nib;
			sourceTree = "<group>";
		};
		53594D080C6019B80077B860 /* MainWindow.nib */ = {
			isa = PBXVariantGroup;
			children = (
				53594D090C6019B80077B860 /* English */,
			);
			name = MainWindow.nib;
			sourceTree = "<group>";
		};
		53D992650C67AC4F0003BDC5 /* ChildEdit.nib */ = {
			isa = PBXVariantGroup;
			children = (
				53D992660C67AC4F0003BDC5 /* English */,
			);
			name = ChildEdit.nib;
			sourceTree = "<group>";
		};
		644C92480D02313A00E4D2E7 /* EnclosureTemplate.html */ = {
			isa = PBXVariantGroup;
			children = (
				644C92490D02313A00E4D2E7 /* English */,
			);
			name = EnclosureTemplate.html;
			sourceTree = "<group>";
		};
		644C924A0D02313A00E4D2E7 /* EntryTemplate.html */ = {
			isa = PBXVariantGroup;
			children = (
				644C924B0D02313A00E4D2E7 /* English */,
			);
			name = EntryTemplate.html;
			sourceTree = "<group>";
		};
		644C924C0D02313A00E4D2E7 /* EntryTemplate_NoLink.html */ = {
			isa = PBXVariantGroup;
			children = (
				644C924D0D02313A00E4D2E7 /* English */,
			);
			name = EntryTemplate_NoLink.html;
			sourceTree = "<group>";
		};
/* End PBXVariantGroup section */

/* Begin XCBuildConfiguration section */
		C01FCF4B08A954540054247B /* Debug */ = {
			isa = XCBuildConfiguration;
			buildSettings = {
				COPY_PHASE_STRIP = NO;
				DEBUG_INFORMATION_FORMAT = dwarf;
				GCC_DYNAMIC_NO_PIC = NO;
				GCC_ENABLE_FIX_AND_CONTINUE = YES;
				GCC_MODEL_TUNING = G5;
				GCC_OPTIMIZATION_LEVEL = 0;
				GCC_PREFIX_HEADER = Prefix.pch;
				INFOPLIST_FILE = Info.plist;
				INSTALL_PATH = "$(HOME)/Applications";
				PRIVATE_HEADERS_FOLDER_PATH = "$(CONTENTS_FOLDER_PATH)/PrivateHeaders";
				PRODUCT_NAME = "Feednuts Reader";
				SDKROOT = /Developer/SDKs/MacOSX10.5.sdk;
				WRAPPER_EXTENSION = app;
				ZERO_LINK = YES;
			};
			name = Debug;
		};
		C01FCF4C08A954540054247B /* Release */ = {
			isa = XCBuildConfiguration;
			buildSettings = {
				ARCHS = (
					ppc,
					i386,
				);
				DEBUG_INFORMATION_FORMAT = "dwarf-with-dsym";
				GCC_GENERATE_DEBUGGING_SYMBOLS = NO;
				GCC_MODEL_TUNING = G5;
				GCC_PREFIX_HEADER = Prefix.pch;
				INFOPLIST_FILE = Info.plist;
				INSTALL_PATH = "$(HOME)/Applications";
				PRIVATE_HEADERS_FOLDER_PATH = "$(CONTENTS_FOLDER_PATH)/PrivateHeaders";
				PRODUCT_NAME = "Feednuts Reader";
				SDKROOT = /Developer/SDKs/MacOSX10.5.sdk;
				WRAPPER_EXTENSION = app;
			};
			name = Release;
		};
		C01FCF4F08A954540054247B /* Debug */ = {
			isa = XCBuildConfiguration;
			buildSettings = {
				GCC_OPTIMIZATION_LEVEL = s;
				GCC_WARN_ABOUT_RETURN_TYPE = YES;
				GCC_WARN_UNUSED_VARIABLE = YES;
				PREBINDING = NO;
				SDKROOT = /Developer/SDKs/MacOSX10.5.sdk;
			};
			name = Debug;
		};
		C01FCF5008A954540054247B /* Release */ = {
			isa = XCBuildConfiguration;
			buildSettings = {
				GCC_WARN_ABOUT_RETURN_TYPE = YES;
				GCC_WARN_UNUSED_VARIABLE = YES;
				PREBINDING = NO;
				SDKROOT = /Developer/SDKs/MacOSX10.5.sdk;
			};
			name = Release;
		};
/* End XCBuildConfiguration section */

/* Begin XCConfigurationList section */
		C01FCF4A08A954540054247B /* Build configuration list for PBXNativeTarget "Feednuts Reader" */ = {
			isa = XCConfigurationList;
			buildConfigurations = (
				C01FCF4B08A954540054247B /* Debug */,
				C01FCF4C08A954540054247B /* Release */,
			);
			defaultConfigurationIsVisible = 0;
			defaultConfigurationName = Release;
		};
		C01FCF4E08A954540054247B /* Build configuration list for PBXProject "fnReader" */ = {
			isa = XCConfigurationList;
			buildConfigurations = (
				C01FCF4F08A954540054247B /* Debug */,
				C01FCF5008A954540054247B /* Release */,
			);
			defaultConfigurationIsVisible = 0;
			defaultConfigurationName = Release;
		};
/* End XCConfigurationList section */
	};
	rootObject = 29B97313FDCFA39411CA2CEA /* Project object */;
}
